
Microsoft Visual Studio Solution File, Format Version 12.00
# Visual Studio Version 16
VisualStudioVersion = 16.0.30413.136
MinimumVisualStudioVersion = 10.0.40219.1
Project("{FAE04EC0-301F-11D3-BF4B-00C04F79EFBC}") = "pragmatechUpWork", "pragmatechUpWork\pragmatechUpWork.csproj", "{108F1DAD-E8B0-4FEE-A51F-214986134678}"
EndProject
Global
	GlobalSection(SolutionConfigurationPlatforms) = preSolution
		Debug|Any CPU = Debug|Any CPU
		Release|Any CPU = Release|Any CPU
	EndGlobalSection
	GlobalSection(ProjectConfigurationPlatforms) = postSolution
		{108F1DAD-E8B0-4FEE-A51F-214986134678}.Debug|Any CPU.ActiveCfg = Debug|Any CPU
		{108F1DAD-E8B0-4FEE-A51F-214986134678}.Debug|Any CPU.Build.0 = Debug|Any CPU
		{108F1DAD-E8B0-4FEE-A51F-214986134678}.Release|Any CPU.ActiveCfg = Release|Any CPU
		{108F1DAD-E8B0-4FEE-A51F-214986134678}.Release|Any CPU.Build.0 = Release|Any CPU
	EndGlobalSection
	GlobalSection(SolutionProperties) = preSolution
		HideSolutionNode = FALSE
	EndGlobalSection
	GlobalSection(ExtensibilityGlobals) = postSolution
		SolutionGuid = {0D9D15B0-4B57-4033-AED1-9DD0BFAC7166}
	EndGlobalSection
EndGlobal
